
Microsoft Visual Studio Solution File, Format Version 12.00
# Visual Studio Version 16
VisualStudioVersion = 16.0.29613.14
MinimumVisualStudioVersion = 10.0.40219.1
Project("{9A19103F-16F7-4668-BE54-9A1E7A4F7556}") = "TesteElanoLuby", "TesteElanoLuby\TesteElanoLuby.csproj", "{D6C54213-5ABF-4D99-B2B8-F5E51A96801A}"
EndProject
Global
	GlobalSection(SolutionConfigurationPlatforms) = preSolution
		Debug|Any CPU = Debug|Any CPU
		Release|Any CPU = Release|Any CPU
	EndGlobalSection
	GlobalSection(ProjectConfigurationPlatforms) = postSolution
		{D6C54213-5ABF-4D99-B2B8-F5E51A96801A}.Debug|Any CPU.ActiveCfg = Debug|Any CPU
		{D6C54213-5ABF-4D99-B2B8-F5E51A96801A}.Debug|Any CPU.Build.0 = Debug|Any CPU
		{D6C54213-5ABF-4D99-B2B8-F5E51A96801A}.Release|Any CPU.ActiveCfg = Release|Any CPU
		{D6C54213-5ABF-4D99-B2B8-F5E51A96801A}.Release|Any CPU.Build.0 = Release|Any CPU
	EndGlobalSection
	GlobalSection(SolutionProperties) = preSolution
		HideSolutionNode = FALSE
	EndGlobalSection
	GlobalSection(ExtensibilityGlobals) = postSolution
		SolutionGuid = {8D13FDC6-D0EB-437F-851E-A90CB02F29CC}
	EndGlobalSection
EndGlobal
